
Microsoft Visual Studio Solution File, Format Version 12.00
# Visual Studio Version 17
VisualStudioVersion = 17.1.32414.318
MinimumVisualStudioVersion = 10.0.40219.1
Project("{2150E333-8FDC-42A3-9474-1A3956D46DE8}") = "Src", "Src", "{6EE5051F-4FFF-458D-A9B9-8B27438806C5}"
EndProject
Project("{2150E333-8FDC-42A3-9474-1A3956D46DE8}") = "Recruiting", "Recruiting", "{0285994B-8A66-4306-BC1E-4541BD7B294C}"
EndProject
Project("{9A19103F-16F7-4668-BE54-9A1E7A4F7556}") = "Hrm.Recruiting.APILayer", "Hrm.Recruiting.APILayer\Hrm.Recruiting.APILayer.csproj", "{17AF22BC-4561-473A-8F5D-036FCBD261BB}"
EndProject
Project("{9A19103F-16F7-4668-BE54-9A1E7A4F7556}") = "Hrm.Recruiting.ApplicationCore", "Hrm.Recruiting.ApplicationCore\Hrm.Recruiting.ApplicationCore.csproj", "{1A398E06-EF9D-4A92-8CE5-F0C56EDC4D76}"
EndProject
Project("{9A19103F-16F7-4668-BE54-9A1E7A4F7556}") = "Hrm.Recruiting.Infrastructure", "Hrm.Recruiting.Infrastructure\Hrm.Recruiting.Infrastructure.csproj", "{049D6903-486D-4168-B641-F70987D64CD5}"
EndProject
Project("{2150E333-8FDC-42A3-9474-1A3956D46DE8}") = "Interview", "Interview", "{4AF681B7-38C1-415F-8FA2-2C1A81E0C4F5}"
EndProject
Project("{9A19103F-16F7-4668-BE54-9A1E7A4F7556}") = "Hrm.Interview.APILayer", "Hrm.Interview.APILayer\Hrm.Interview.APILayer.csproj", "{B11E0145-7423-4324-B27F-4FDEA90A5DC2}"
EndProject
Project("{9A19103F-16F7-4668-BE54-9A1E7A4F7556}") = "Hrm.Interview.ApplicationCore", "Hrm.Interview.ApplicationCore\Hrm.Interview.ApplicationCore.csproj", "{878CE9B5-387A-43FE-89DD-1AE9C214AF67}"
EndProject
Project("{9A19103F-16F7-4668-BE54-9A1E7A4F7556}") = "Hrm.Interview.Infrastructure", "Hrm.Interview.Infrastructure\Hrm.Interview.Infrastructure.csproj", "{D430EF30-7BB7-4152-872A-B22161C099D3}"
EndProject
Project("{2150E333-8FDC-42A3-9474-1A3956D46DE8}") = "Onboard", "Onboard", "{3FCD32E2-7D25-459E-BA33-67A386C8E1EF}"
EndProject
Project("{9A19103F-16F7-4668-BE54-9A1E7A4F7556}") = "Hrm.Onboard.APILayer", "Hrm.Onboard.APILayer\Hrm.Onboard.APILayer.csproj", "{5916777D-23B1-4B78-A797-4F35E9BC8BEE}"
EndProject
Project("{9A19103F-16F7-4668-BE54-9A1E7A4F7556}") = "Hrm.Onboard.ApplicationCore", "Hrm.Onboard.ApplicationCore\Hrm.Onboard.ApplicationCore.csproj", "{4A41457C-7C75-44FD-ABBE-8CC684C66C38}"
EndProject
Project("{9A19103F-16F7-4668-BE54-9A1E7A4F7556}") = "Hrm.Onboard.Infrastructure", "Hrm.Onboard.Infrastructure\Hrm.Onboard.Infrastructure.csproj", "{772C2D2E-2D64-432B-A4E3-9A44A2B40CD6}"
EndProject
Project("{2150E333-8FDC-42A3-9474-1A3956D46DE8}") = "Authentication", "Authentication", "{6089F51B-FC64-476B-9129-A9FBD4A6A9D1}"
EndProject
Project("{9A19103F-16F7-4668-BE54-9A1E7A4F7556}") = "Hrm.Authentication.APILayer", "Hrm.Authentication.APILayer\Hrm.Authentication.APILayer.csproj", "{59FD2321-0EB4-4CF1-95CB-6D6AAB170949}"
EndProject
Project("{9A19103F-16F7-4668-BE54-9A1E7A4F7556}") = "Hrm.Authentication.ApplicationCore", "Hrm.Authentication.ApplicationCore\Hrm.Authentication.ApplicationCore.csproj", "{61FB526B-5099-4113-BF17-DA8B27704397}"
EndProject
Project("{9A19103F-16F7-4668-BE54-9A1E7A4F7556}") = "Hrm.Authentication.Infrastructure", "Hrm.Authentication.Infrastructure\Hrm.Authentication.Infrastructure.csproj", "{C3D96AA7-B2E0-480E-9F6E-520125051929}"
EndProject
Project("{E53339B2-1760-4266-BCC7-CA923CBCF16C}") = "docker-compose", "docker-compose.dcproj", "{57CDC3CB-9C31-49F7-9895-EBFF3B5F443C}"
EndProject
Project("{2150E333-8FDC-42A3-9474-1A3956D46DE8}") = "APIGateway", "APIGateway", "{56026366-476B-4E49-9A80-75E9BF887FD3}"
EndProject
Project("{9A19103F-16F7-4668-BE54-9A1E7A4F7556}") = "APIGatewayLayer", "APIGatewayLayer\APIGatewayLayer.csproj", "{67E42E4B-A066-4B94-815F-0381A50B83A1}"
EndProject
Project("{2150E333-8FDC-42A3-9474-1A3956D46DE8}") = "Shared", "Shared", "{E12E9F7A-0949-49AA-A198-1A5AAE0B756E}"
EndProject
Project("{FAE04EC0-301F-11D3-BF4B-00C04F79EFBC}") = "JWTAuthenticationManager", "JWTAuthenticationManager\JWTAuthenticationManager.csproj", "{9BF1D3AD-0B30-47F3-A883-21546BD60B85}"
EndProject
Global
	GlobalSection(SolutionConfigurationPlatforms) = preSolution
		Debug|Any CPU = Debug|Any CPU
		Release|Any CPU = Release|Any CPU
	EndGlobalSection
	GlobalSection(ProjectConfigurationPlatforms) = postSolution
		{17AF22BC-4561-473A-8F5D-036FCBD261BB}.Debug|Any CPU.ActiveCfg = Debug|Any CPU
		{17AF22BC-4561-473A-8F5D-036FCBD261BB}.Debug|Any CPU.Build.0 = Debug|Any CPU
		{17AF22BC-4561-473A-8F5D-036FCBD261BB}.Release|Any CPU.ActiveCfg = Release|Any CPU
		{17AF22BC-4561-473A-8F5D-036FCBD261BB}.Release|Any CPU.Build.0 = Release|Any CPU
		{1A398E06-EF9D-4A92-8CE5-F0C56EDC4D76}.Debug|Any CPU.ActiveCfg = Debug|Any CPU
		{1A398E06-EF9D-4A92-8CE5-F0C56EDC4D76}.Debug|Any CPU.Build.0 = Debug|Any CPU
		{1A398E06-EF9D-4A92-8CE5-F0C56EDC4D76}.Release|Any CPU.ActiveCfg = Release|Any CPU
		{1A398E06-EF9D-4A92-8CE5-F0C56EDC4D76}.Release|Any CPU.Build.0 = Release|Any CPU
		{049D6903-486D-4168-B641-F70987D64CD5}.Debug|Any CPU.ActiveCfg = Debug|Any CPU
		{049D6903-486D-4168-B641-F70987D64CD5}.Debug|Any CPU.Build.0 = Debug|Any CPU
		{049D6903-486D-4168-B641-F70987D64CD5}.Release|Any CPU.ActiveCfg = Release|Any CPU
		{049D6903-486D-4168-B641-F70987D64CD5}.Release|Any CPU.Build.0 = Release|Any CPU
		{B11E0145-7423-4324-B27F-4FDEA90A5DC2}.Debug|Any CPU.ActiveCfg = Debug|Any CPU
		{B11E0145-7423-4324-B27F-4FDEA90A5DC2}.Debug|Any CPU.Build.0 = Debug|Any CPU
		{B11E0145-7423-4324-B27F-4FDEA90A5DC2}.Release|Any CPU.ActiveCfg = Release|Any CPU
		{B11E0145-7423-4324-B27F-4FDEA90A5DC2}.Release|Any CPU.Build.0 = Release|Any CPU
		{878CE9B5-387A-43FE-89DD-1AE9C214AF67}.Debug|Any CPU.ActiveCfg = Debug|Any CPU
		{878CE9B5-387A-43FE-89DD-1AE9C214AF67}.Debug|Any CPU.Build.0 = Debug|Any CPU
		{878CE9B5-387A-43FE-89DD-1AE9C214AF67}.Release|Any CPU.ActiveCfg = Release|Any CPU
		{878CE9B5-387A-43FE-89DD-1AE9C214AF67}.Release|Any CPU.Build.0 = Release|Any CPU
		{D430EF30-7BB7-4152-872A-B22161C099D3}.Debug|Any CPU.ActiveCfg = Debug|Any CPU
		{D430EF30-7BB7-4152-872A-B22161C099D3}.Debug|Any CPU.Build.0 = Debug|Any CPU
		{D430EF30-7BB7-4152-872A-B22161C099D3}.Release|Any CPU.ActiveCfg = Release|Any CPU
		{D430EF30-7BB7-4152-872A-B22161C099D3}.Release|Any CPU.Build.0 = Release|Any CPU
		{5916777D-23B1-4B78-A797-4F35E9BC8BEE}.Debug|Any CPU.ActiveCfg = Debug|Any CPU
		{5916777D-23B1-4B78-A797-4F35E9BC8BEE}.Debug|Any CPU.Build.0 = Debug|Any CPU
		{5916777D-23B1-4B78-A797-4F35E9BC8BEE}.Release|Any CPU.ActiveCfg = Release|Any CPU
		{5916777D-23B1-4B78-A797-4F35E9BC8BEE}.Release|Any CPU.Build.0 = Release|Any CPU
		{4A41457C-7C75-44FD-ABBE-8CC684C66C38}.Debug|Any CPU.ActiveCfg = Debug|Any CPU
		{4A41457C-7C75-44FD-ABBE-8CC684C66C38}.Debug|Any CPU.Build.0 = Debug|Any CPU
		{4A41457C-7C75-44FD-ABBE-8CC684C66C38}.Release|Any CPU.ActiveCfg = Release|Any CPU
		{4A41457C-7C75-44FD-ABBE-8CC684C66C38}.Release|Any CPU.Build.0 = Release|Any CPU
		{772C2D2E-2D64-432B-A4E3-9A44A2B40CD6}.Debug|Any CPU.ActiveCfg = Debug|Any CPU
		{772C2D2E-2D64-432B-A4E3-9A44A2B40CD6}.Debug|Any CPU.Build.0 = Debug|Any CPU
		{772C2D2E-2D64-432B-A4E3-9A44A2B40CD6}.Release|Any CPU.ActiveCfg = Release|Any CPU
		{772C2D2E-2D64-432B-A4E3-9A44A2B40CD6}.Release|Any CPU.Build.0 = Release|Any CPU
		{59FD2321-0EB4-4CF1-95CB-6D6AAB170949}.Debug|Any CPU.ActiveCfg = Debug|Any CPU
		{59FD2321-0EB4-4CF1-95CB-6D6AAB170949}.Debug|Any CPU.Build.0 = Debug|Any CPU
		{59FD2321-0EB4-4CF1-95CB-6D6AAB170949}.Release|Any CPU.ActiveCfg = Release|Any CPU
		{59FD2321-0EB4-4CF1-95CB-6D6AAB170949}.Release|Any CPU.Build.0 = Release|Any CPU
		{61FB526B-5099-4113-BF17-DA8B27704397}.Debug|Any CPU.ActiveCfg = Debug|Any CPU
		{61FB526B-5099-4113-BF17-DA8B27704397}.Debug|Any CPU.Build.0 = Debug|Any CPU
		{61FB526B-5099-4113-BF17-DA8B27704397}.Release|Any CPU.ActiveCfg = Release|Any CPU
		{61FB526B-5099-4113-BF17-DA8B27704397}.Release|Any CPU.Build.0 = Release|Any CPU
		{C3D96AA7-B2E0-480E-9F6E-520125051929}.Debug|Any CPU.ActiveCfg = Debug|Any CPU
		{C3D96AA7-B2E0-480E-9F6E-520125051929}.Debug|Any CPU.Build.0 = Debug|Any CPU
		{C3D96AA7-B2E0-480E-9F6E-520125051929}.Release|Any CPU.ActiveCfg = Release|Any CPU
		{C3D96AA7-B2E0-480E-9F6E-520125051929}.Release|Any CPU.Build.0 = Release|Any CPU
		{57CDC3CB-9C31-49F7-9895-EBFF3B5F443C}.Debug|Any CPU.ActiveCfg = Debug|Any CPU
		{57CDC3CB-9C31-49F7-9895-EBFF3B5F443C}.Debug|Any CPU.Build.0 = Debug|Any CPU
		{57CDC3CB-9C31-49F7-9895-EBFF3B5F443C}.Release|Any CPU.ActiveCfg = Release|Any CPU
		{57CDC3CB-9C31-49F7-9895-EBFF3B5F443C}.Release|Any CPU.Build.0 = Release|Any CPU
		{67E42E4B-A066-4B94-815F-0381A50B83A1}.Debug|Any CPU.ActiveCfg = Debug|Any CPU
		{67E42E4B-A066-4B94-815F-0381A50B83A1}.Debug|Any CPU.Build.0 = Debug|Any CPU
		{67E42E4B-A066-4B94-815F-0381A50B83A1}.Release|Any CPU.ActiveCfg = Release|Any CPU
		{67E42E4B-A066-4B94-815F-0381A50B83A1}.Release|Any CPU.Build.0 = Release|Any CPU
		{9BF1D3AD-0B30-47F3-A883-21546BD60B85}.Debug|Any CPU.ActiveCfg = Debug|Any CPU
		{9BF1D3AD-0B30-47F3-A883-21546BD60B85}.Debug|Any CPU.Build.0 = Debug|Any CPU
		{9BF1D3AD-0B30-47F3-A883-21546BD60B85}.Release|Any CPU.ActiveCfg = Release|Any CPU
		{9BF1D3AD-0B30-47F3-A883-21546BD60B85}.Release|Any CPU.Build.0 = Release|Any CPU
	EndGlobalSection
	GlobalSection(SolutionProperties) = preSolution
		HideSolutionNode = FALSE
	EndGlobalSection
	GlobalSection(NestedProjects) = preSolution
		{0285994B-8A66-4306-BC1E-4541BD7B294C} = {6EE5051F-4FFF-458D-A9B9-8B27438806C5}
		{17AF22BC-4561-473A-8F5D-036FCBD261BB} = {0285994B-8A66-4306-BC1E-4541BD7B294C}
		{1A398E06-EF9D-4A92-8CE5-F0C56EDC4D76} = {0285994B-8A66-4306-BC1E-4541BD7B294C}
		{049D6903-486D-4168-B641-F70987D64CD5} = {0285994B-8A66-4306-BC1E-4541BD7B294C}
		{4AF681B7-38C1-415F-8FA2-2C1A81E0C4F5} = {6EE5051F-4FFF-458D-A9B9-8B27438806C5}
		{B11E0145-7423-4324-B27F-4FDEA90A5DC2} = {4AF681B7-38C1-415F-8FA2-2C1A81E0C4F5}
		{878CE9B5-387A-43FE-89DD-1AE9C214AF67} = {4AF681B7-38C1-415F-8FA2-2C1A81E0C4F5}
		{D430EF30-7BB7-4152-872A-B22161C099D3} = {4AF681B7-38C1-415F-8FA2-2C1A81E0C4F5}
		{3FCD32E2-7D25-459E-BA33-67A386C8E1EF} = {6EE5051F-4FFF-458D-A9B9-8B27438806C5}
		{5916777D-23B1-4B78-A797-4F35E9BC8BEE} = {3FCD32E2-7D25-459E-BA33-67A386C8E1EF}
		{4A41457C-7C75-44FD-ABBE-8CC684C66C38} = {3FCD32E2-7D25-459E-BA33-67A386C8E1EF}
		{772C2D2E-2D64-432B-A4E3-9A44A2B40CD6} = {3FCD32E2-7D25-459E-BA33-67A386C8E1EF}
		{6089F51B-FC64-476B-9129-A9FBD4A6A9D1} = {6EE5051F-4FFF-458D-A9B9-8B27438806C5}
		{59FD2321-0EB4-4CF1-95CB-6D6AAB170949} = {6089F51B-FC64-476B-9129-A9FBD4A6A9D1}
		{61FB526B-5099-4113-BF17-DA8B27704397} = {6089F51B-FC64-476B-9129-A9FBD4A6A9D1}
		{C3D96AA7-B2E0-480E-9F6E-520125051929} = {6089F51B-FC64-476B-9129-A9FBD4A6A9D1}
		{67E42E4B-A066-4B94-815F-0381A50B83A1} = {56026366-476B-4E49-9A80-75E9BF887FD3}
		{9BF1D3AD-0B30-47F3-A883-21546BD60B85} = {E12E9F7A-0949-49AA-A198-1A5AAE0B756E}
	EndGlobalSection
	GlobalSection(ExtensibilityGlobals) = postSolution
		SolutionGuid = {ED1883A2-9801-48FB-9142-9DE26A049F9B}
	EndGlobalSection
EndGlobal
